// !$*UTF8*$!
{
	archiveVersion = 1;
	classes = {
	};
	objectVersion = 46;
	objects = {

/* Begin PBXBuildFile section */
		00A2F5C21958061300C5D7B3 /* Foundation.framework in Frameworks */ = {isa = PBXBuildFile; fileRef = 00A2F5C11958061300C5D7B3 /* Foundation.framework */; };
		00A2F5C41958061300C5D7B3 /* CoreGraphics.framework in Frameworks */ = {isa = PBXBuildFile; fileRef = 00A2F5C31958061300C5D7B3 /* CoreGraphics.framework */; };
		00A2F5C61958061300C5D7B3 /* UIKit.framework in Frameworks */ = {isa = PBXBuildFile; fileRef = 00A2F5C51958061300C5D7B3 /* UIKit.framework */; };
		00A2F5CC1958061300C5D7B3 /* InfoPlist.strings in Resources */ = {isa = PBXBuildFile; fileRef = 00A2F5CA1958061300C5D7B3 /* InfoPlist.strings */; };
		00A2F5CE1958061300C5D7B3 /* main.m in Sources */ = {isa = PBXBuildFile; fileRef = 00A2F5CD1958061300C5D7B3 /* main.m */; };
		00A2F5D21958061300C5D7B3 /* AppDelegate.m in Sources */ = {isa = PBXBuildFile; fileRef = 00A2F5D11958061300C5D7B3 /* AppDelegate.m */; };
		00A2F5D51958061300C5D7B3 /* Main_iPhone.storyboard in Resources */ = {isa = PBXBuildFile; fileRef = 00A2F5D31958061300C5D7B3 /* Main_iPhone.storyboard */; };
		00A2F5D81958061300C5D7B3 /* Main_iPad.storyboard in Resources */ = {isa = PBXBuildFile; fileRef = 00A2F5D61958061300C5D7B3 /* Main_iPad.storyboard */; };
		00A2F5DB1958061300C5D7B3 /* ViewController.m in Sources */ = {isa = PBXBuildFile; fileRef = 00A2F5DA1958061300C5D7B3 /* ViewController.m */; };
		00A2F5DD1958061300C5D7B3 /* Images.xcassets in Resources */ = {isa = PBXBuildFile; fileRef = 00A2F5DC1958061300C5D7B3 /* Images.xcassets */; };
		00A2F5E41958061300C5D7B3 /* XCTest.framework in Frameworks */ = {isa = PBXBuildFile; fileRef = 00A2F5E31958061300C5D7B3 /* XCTest.framework */; };
		00A2F5E51958061300C5D7B3 /* Foundation.framework in Frameworks */ = {isa = PBXBuildFile; fileRef = 00A2F5C11958061300C5D7B3 /* Foundation.framework */; };
		00A2F5E61958061300C5D7B3 /* UIKit.framework in Frameworks */ = {isa = PBXBuildFile; fileRef = 00A2F5C51958061300C5D7B3 /* UIKit.framework */; };
		00A2F5EE1958061300C5D7B3 /* InfoPlist.strings in Resources */ = {isa = PBXBuildFile; fileRef = 00A2F5EC1958061300C5D7B3 /* InfoPlist.strings */; };
		00A2F5F01958061300C5D7B3 /* demoTests.m in Sources */ = {isa = PBXBuildFile; fileRef = 00A2F5EF1958061300C5D7B3 /* demoTests.m */; };
		00A4971F195A690600A61863 /* libFH8610SDK.a in Frameworks */ = {isa = PBXBuildFile; fileRef = 00A4971E195A690600A61863 /* libFH8610SDK.a */; };
		00D3253B19581A5F006AE0F5 /* libsqlite3.0.dylib in Frameworks */ = {isa = PBXBuildFile; fileRef = 00D3253A19581A5F006AE0F5 /* libsqlite3.0.dylib */; };
		00D3253D19581A6C006AE0F5 /* OpenAL.framework in Frameworks */ = {isa = PBXBuildFile; fileRef = 00D3253C19581A6C006AE0F5 /* OpenAL.framework */; };
		00D3253F19581A73006AE0F5 /* SystemConfiguration.framework in Frameworks */ = {isa = PBXBuildFile; fileRef = 00D3253E19581A73006AE0F5 /* SystemConfiguration.framework */; };
		00D3254119581A86006AE0F5 /* libiconv.2.4.0.dylib in Frameworks */ = {isa = PBXBuildFile; fileRef = 00D3254019581A86006AE0F5 /* libiconv.2.4.0.dylib */; };
		00DD9444195A719100CCEAF6 /* libAICamera.a in Frameworks */ = {isa = PBXBuildFile; fileRef = 00DD9441195A718700CCEAF6 /* libAICamera.a */; };
		4396A80A14664E3F870CEA84 /* libPods-demo.a in Frameworks */ = {isa = PBXBuildFile; fileRef = 46F874FF7F944F1F8155CCD9 /* libPods-demo.a */; };
/* End PBXBuildFile section */

/* Begin PBXContainerItemProxy section */
		00A2F5E71958061300C5D7B3 /* PBXContainerItemProxy */ = {
			isa = PBXContainerItemProxy;
			containerPortal = 00A2F5B61958061300C5D7B3 /* Project object */;
			proxyType = 1;
			remoteGlobalIDString = 00A2F5BD1958061300C5D7B3;
			remoteInfo = demo;
		};
		00DD9440195A718700CCEAF6 /* PBXContainerItemProxy */ = {
			isa = PBXContainerItemProxy;
			containerPortal = 00DD943B195A718700CCEAF6 /* AICamera.xcodeproj */;
			proxyType = 2;
			remoteGlobalIDString = 00D324EC195812EA006AE0F5;
			remoteInfo = AICamera;
		};
		00DD9442195A718700CCEAF6 /* PBXContainerItemProxy */ = {
			isa = PBXContainerItemProxy;
			containerPortal = 00DD943B195A718700CCEAF6 /* AICamera.xcodeproj */;
			proxyType = 2;
			remoteGlobalIDString = 00D324FC195812EB006AE0F5;
			remoteInfo = AICameraTests;
		};
		00DD9445195A719500CCEAF6 /* PBXContainerItemProxy */ = {
			isa = PBXContainerItemProxy;
			containerPortal = 00DD943B195A718700CCEAF6 /* AICamera.xcodeproj */;
			proxyType = 1;
			remoteGlobalIDString = 00D324EB195812EA006AE0F5;
			remoteInfo = AICamera;
		};
/* End PBXContainerItemProxy section */

/* Begin PBXFileReference section */
		00A2F5BE1958061300C5D7B3 /* demo.app */ = {isa = PBXFileReference; explicitFileType = wrapper.application; includeInIndex = 0; path = demo.app; sourceTree = BUILT_PRODUCTS_DIR; };
		00A2F5C11958061300C5D7B3 /* Foundation.framework */ = {isa = PBXFileReference; lastKnownFileType = wrapper.framework; name = Foundation.framework; path = System/Library/Frameworks/Foundation.framework; sourceTree = SDKROOT; };
		00A2F5C31958061300C5D7B3 /* CoreGraphics.framework */ = {isa = PBXFileReference; lastKnownFileType = wrapper.framework; name = CoreGraphics.framework; path = System/Library/Frameworks/CoreGraphics.framework; sourceTree = SDKROOT; };
		00A2F5C51958061300C5D7B3 /* UIKit.framework */ = {isa = PBXFileReference; lastKnownFileType = wrapper.framework; name = UIKit.framework; path = System/Library/Frameworks/UIKit.framework; sourceTree = SDKROOT; };
		00A2F5C91958061300C5D7B3 /* demo-Info.plist */ = {isa = PBXFileReference; lastKnownFileType = text.plist.xml; path = "demo-Info.plist"; sourceTree = "<group>"; };
		00A2F5CB1958061300C5D7B3 /* en */ = {isa = PBXFileReference; lastKnownFileType = text.plist.strings; name = en; path = en.lproj/InfoPlist.strings; sourceTree = "<group>"; };
		00A2F5CD1958061300C5D7B3 /* main.m */ = {isa = PBXFileReference; lastKnownFileType = sourcecode.c.objc; path = main.m; sourceTree = "<group>"; };
		00A2F5CF1958061300C5D7B3 /* demo-Prefix.pch */ = {isa = PBXFileReference; lastKnownFileType = sourcecode.c.h; path = "demo-Prefix.pch"; sourceTree = "<group>"; };
		00A2F5D01958061300C5D7B3 /* AppDelegate.h */ = {isa = PBXFileReference; lastKnownFileType = sourcecode.c.h; path = AppDelegate.h; sourceTree = "<group>"; };
		00A2F5D11958061300C5D7B3 /* AppDelegate.m */ = {isa = PBXFileReference; lastKnownFileType = sourcecode.c.objc; path = AppDelegate.m; sourceTree = "<group>"; };
		00A2F5D41958061300C5D7B3 /* Base */ = {isa = PBXFileReference; lastKnownFileType = file.storyboard; name = Base; path = Base.lproj/Main_iPhone.storyboard; sourceTree = "<group>"; };
		00A2F5D71958061300C5D7B3 /* Base */ = {isa = PBXFileReference; lastKnownFileType = file.storyboard; name = Base; path = Base.lproj/Main_iPad.storyboard; sourceTree = "<group>"; };
		00A2F5D91958061300C5D7B3 /* ViewController.h */ = {isa = PBXFileReference; lastKnownFileType = sourcecode.c.h; path = ViewController.h; sourceTree = "<group>"; };
		00A2F5DA1958061300C5D7B3 /* ViewController.m */ = {isa = PBXFileReference; lastKnownFileType = sourcecode.c.objc; path = ViewController.m; sourceTree = "<group>"; };
		00A2F5DC1958061300C5D7B3 /* Images.xcassets */ = {isa = PBXFileReference; lastKnownFileType = folder.assetcatalog; path = Images.xcassets; sourceTree = "<group>"; };
		00A2F5E21958061300C5D7B3 /* demoTests.xctest */ = {isa = PBXFileReference; explicitFileType = wrapper.cfbundle; includeInIndex = 0; path = demoTests.xctest; sourceTree = BUILT_PRODUCTS_DIR; };
		00A2F5E31958061300C5D7B3 /* XCTest.framework */ = {isa = PBXFileReference; lastKnownFileType = wrapper.framework; name = XCTest.framework; path = Library/Frameworks/XCTest.framework; sourceTree = DEVELOPER_DIR; };
		00A2F5EB1958061300C5D7B3 /* demoTests-Info.plist */ = {isa = PBXFileReference; lastKnownFileType = text.plist.xml; path = "demoTests-Info.plist"; sourceTree = "<group>"; };
		00A2F5ED1958061300C5D7B3 /* en */ = {isa = PBXFileReference; lastKnownFileType = text.plist.strings; name = en; path = en.lproj/InfoPlist.strings; sourceTree = "<group>"; };
		00A2F5EF1958061300C5D7B3 /* demoTests.m */ = {isa = PBXFileReference; lastKnownFileType = sourcecode.c.objc; path = demoTests.m; sourceTree = "<group>"; };
		00A4971E195A690600A61863 /* libFH8610SDK.a */ = {isa = PBXFileReference; lastKnownFileType = archive.ar; path = libFH8610SDK.a; sourceTree = "<group>"; };
		00D3253A19581A5F006AE0F5 /* libsqlite3.0.dylib */ = {isa = PBXFileReference; lastKnownFileType = "compiled.mach-o.dylib"; name = libsqlite3.0.dylib; path = usr/lib/libsqlite3.0.dylib; sourceTree = SDKROOT; };
		00D3253C19581A6C006AE0F5 /* OpenAL.framework */ = {isa = PBXFileReference; lastKnownFileType = wrapper.framework; name = OpenAL.framework; path = System/Library/Frameworks/OpenAL.framework; sourceTree = SDKROOT; };
		00D3253E19581A73006AE0F5 /* SystemConfiguration.framework */ = {isa = PBXFileReference; lastKnownFileType = wrapper.framework; name = SystemConfiguration.framework; path = System/Library/Frameworks/SystemConfiguration.framework; sourceTree = SDKROOT; };
		00D3254019581A86006AE0F5 /* libiconv.2.4.0.dylib */ = {isa = PBXFileReference; lastKnownFileType = "compiled.mach-o.dylib"; name = libiconv.2.4.0.dylib; path = usr/lib/libiconv.2.4.0.dylib; sourceTree = SDKROOT; };
		00DD943B195A718700CCEAF6 /* AICamera.xcodeproj */ = {isa = PBXFileReference; lastKnownFileType = "wrapper.pb-project"; name = AICamera.xcodeproj; path = ../AICamera/AICamera.xcodeproj; sourceTree = "<group>"; };
		00DD9449195A71D800CCEAF6 /* AICamera.h */ = {isa = PBXFileReference; fileEncoding = 4; lastKnownFileType = sourcecode.c.h; path = AICamera.h; sourceTree = "<group>"; };
		00DD944A195A71D800CCEAF6 /* AICameraLib.h */ = {isa = PBXFileReference; fileEncoding = 4; lastKnownFileType = sourcecode.c.h; path = AICameraLib.h; sourceTree = "<group>"; };
		00DD944B195A71D800CCEAF6 /* RemoteFile.h */ = {isa = PBXFileReference; fileEncoding = 4; lastKnownFileType = sourcecode.c.h; path = RemoteFile.h; sourceTree = "<group>"; };
		00DD944C195A71D800CCEAF6 /* thirdParty.h */ = {isa = PBXFileReference; fileEncoding = 4; lastKnownFileType = sourcecode.c.h; path = thirdParty.h; sourceTree = "<group>"; };
		46F874FF7F944F1F8155CCD9 /* libPods-demo.a */ = {isa = PBXFileReference; explicitFileType = archive.ar; includeInIndex = 0; path = "libPods-demo.a"; sourceTree = BUILT_PRODUCTS_DIR; };
		AEEA4A17106041D19AE15626 /* Pods-demo.xcconfig */ = {isa = PBXFileReference; includeInIndex = 1; lastKnownFileType = text.xcconfig; name = "Pods-demo.xcconfig"; path = "Pods/Pods-demo.xcconfig"; sourceTree = "<group>"; };
/* End PBXFileReference section */

/* Begin PBXFrameworksBuildPhase section */
		00A2F5BB1958061300C5D7B3 /* Frameworks */ = {
			isa = PBXFrameworksBuildPhase;
			buildActionMask = 2147483647;
			files = (
				00DD9444195A719100CCEAF6 /* libAICamera.a in Frameworks */,
				00D3254119581A86006AE0F5 /* libiconv.2.4.0.dylib in Frameworks */,
				00D3253F19581A73006AE0F5 /* SystemConfiguration.framework in Frameworks */,
				00D3253D19581A6C006AE0F5 /* OpenAL.framework in Frameworks */,
				00D3253B19581A5F006AE0F5 /* libsqlite3.0.dylib in Frameworks */,
				00A4971F195A690600A61863 /* libFH8610SDK.a in Frameworks */,
				00A2F5C41958061300C5D7B3 /* CoreGraphics.framework in Frameworks */,
				00A2F5C61958061300C5D7B3 /* UIKit.framework in Frameworks */,
				00A2F5C21958061300C5D7B3 /* Foundation.framework in Frameworks */,
				4396A80A14664E3F870CEA84 /* libPods-demo.a in Frameworks */,
			);
			runOnlyForDeploymentPostprocessing = 0;
		};
		00A2F5DF1958061300C5D7B3 /* Frameworks */ = {
			isa = PBXFrameworksBuildPhase;
			buildActionMask = 2147483647;
			files = (
				00A2F5E41958061300C5D7B3 /* XCTest.framework in Frameworks */,
				00A2F5E61958061300C5D7B3 /* UIKit.framework in Frameworks */,
				00A2F5E51958061300C5D7B3 /* Foundation.framework in Frameworks */,
			);
			runOnlyForDeploymentPostprocessing = 0;
		};
/* End PBXFrameworksBuildPhase section */

/* Begin PBXGroup section */
		00A2F5B51958061300C5D7B3 = {
			isa = PBXGroup;
			children = (
				00DD9447195A71D800CCEAF6 /* include */,
				00DD943B195A718700CCEAF6 /* AICamera.xcodeproj */,
				00A4971E195A690600A61863 /* libFH8610SDK.a */,
				00A2F5C71958061300C5D7B3 /* demo */,
				00A2F5E91958061300C5D7B3 /* demoTests */,
				00A2F5C01958061300C5D7B3 /* Frameworks */,
				00A2F5BF1958061300C5D7B3 /* Products */,
				AEEA4A17106041D19AE15626 /* Pods-demo.xcconfig */,
			);
			sourceTree = "<group>";
		};
		00A2F5BF1958061300C5D7B3 /* Products */ = {
			isa = PBXGroup;
			children = (
				00A2F5BE1958061300C5D7B3 /* demo.app */,
				00A2F5E21958061300C5D7B3 /* demoTests.xctest */,
			);
			name = Products;
			sourceTree = "<group>";
		};
		00A2F5C01958061300C5D7B3 /* Frameworks */ = {
			isa = PBXGroup;
			children = (
				00D3254019581A86006AE0F5 /* libiconv.2.4.0.dylib */,
				00D3253E19581A73006AE0F5 /* SystemConfiguration.framework */,
				00D3253C19581A6C006AE0F5 /* OpenAL.framework */,
				00D3253A19581A5F006AE0F5 /* libsqlite3.0.dylib */,
				00A2F5C11958061300C5D7B3 /* Foundation.framework */,
				00A2F5C31958061300C5D7B3 /* CoreGraphics.framework */,
				00A2F5C51958061300C5D7B3 /* UIKit.framework */,
				00A2F5E31958061300C5D7B3 /* XCTest.framework */,
				46F874FF7F944F1F8155CCD9 /* libPods-demo.a */,
			);
			name = Frameworks;
			sourceTree = "<group>";
		};
		00A2F5C71958061300C5D7B3 /* demo */ = {
			isa = PBXGroup;
			children = (
				00A2F5D01958061300C5D7B3 /* AppDelegate.h */,
				00A2F5D11958061300C5D7B3 /* AppDelegate.m */,
				00A2F5D31958061300C5D7B3 /* Main_iPhone.storyboard */,
				00A2F5D61958061300C5D7B3 /* Main_iPad.storyboard */,
				00A2F5D91958061300C5D7B3 /* ViewController.h */,
				00A2F5DA1958061300C5D7B3 /* ViewController.m */,
				00A2F5DC1958061300C5D7B3 /* Images.xcassets */,
				00A2F5C81958061300C5D7B3 /* Supporting Files */,
			);
			path = demo;
			sourceTree = "<group>";
		};
		00A2F5C81958061300C5D7B3 /* Supporting Files */ = {
			isa = PBXGroup;
			children = (
				00A2F5C91958061300C5D7B3 /* demo-Info.plist */,
				00A2F5CA1958061300C5D7B3 /* InfoPlist.strings */,
				00A2F5CD1958061300C5D7B3 /* main.m */,
				00A2F5CF1958061300C5D7B3 /* demo-Prefix.pch */,
			);
			name = "Supporting Files";
			sourceTree = "<group>";
		};
		00A2F5E91958061300C5D7B3 /* demoTests */ = {
			isa = PBXGroup;
			children = (
				00A2F5EF1958061300C5D7B3 /* demoTests.m */,
				00A2F5EA1958061300C5D7B3 /* Supporting Files */,
			);
			path = demoTests;
			sourceTree = "<group>";
		};
		00A2F5EA1958061300C5D7B3 /* Supporting Files */ = {
			isa = PBXGroup;
			children = (
				00A2F5EB1958061300C5D7B3 /* demoTests-Info.plist */,
				00A2F5EC1958061300C5D7B3 /* InfoPlist.strings */,
			);
			name = "Supporting Files";
			sourceTree = "<group>";
		};
		00DD943C195A718700CCEAF6 /* Products */ = {
			isa = PBXGroup;
			children = (
				00DD9441195A718700CCEAF6 /* libAICamera.a */,
				00DD9443195A718700CCEAF6 /* AICameraTests.xctest */,
			);
			name = Products;
			sourceTree = "<group>";
		};
		00DD9447195A71D800CCEAF6 /* include */ = {
			isa = PBXGroup;
			children = (
				00DD9448195A71D800CCEAF6 /* AICamera */,
			);
			path = include;
			sourceTree = "<group>";
		};
		00DD9448195A71D800CCEAF6 /* AICamera */ = {
			isa = PBXGroup;
			children = (
				00DD9449195A71D800CCEAF6 /* AICamera.h */,
				00DD944A195A71D800CCEAF6 /* AICameraLib.h */,
				00DD944B195A71D800CCEAF6 /* RemoteFile.h */,
				00DD944C195A71D800CCEAF6 /* thirdParty.h */,
			);
			path = AICamera;
			sourceTree = "<group>";
		};
/* End PBXGroup section */

/* Begin PBXNativeTarget section */
		00A2F5BD1958061300C5D7B3 /* demo */ = {
			isa = PBXNativeTarget;
			buildConfigurationList = 00A2F5F31958061300C5D7B3 /* Build configuration list for PBXNativeTarget "demo" */;
			buildPhases = (
				EF2094C36FF848D2B29AD11F /* Check Pods Manifest.lock */,
				00A2F5BA1958061300C5D7B3 /* Sources */,
				00A2F5BB1958061300C5D7B3 /* Frameworks */,
				00A2F5BC1958061300C5D7B3 /* Resources */,
				34686FC0EF5449C3AA1F943E /* Copy Pods Resources */,
			);
			buildRules = (
			);
			dependencies = (
				00DD9446195A719500CCEAF6 /* PBXTargetDependency */,
			);
			name = demo;
			productName = demo;
			productReference = 00A2F5BE1958061300C5D7B3 /* demo.app */;
			productType = "com.apple.product-type.application";
		};
		00A2F5E11958061300C5D7B3 /* demoTests */ = {
			isa = PBXNativeTarget;
			buildConfigurationList = 00A2F5F61958061300C5D7B3 /* Build configuration list for PBXNativeTarget "demoTests" */;
			buildPhases = (
				00A2F5DE1958061300C5D7B3 /* Sources */,
				00A2F5DF1958061300C5D7B3 /* Frameworks */,
				00A2F5E01958061300C5D7B3 /* Resources */,
			);
			buildRules = (
			);
			dependencies = (
				00A2F5E81958061300C5D7B3 /* PBXTargetDependency */,
			);
			name = demoTests;
			productName = demoTests;
			productReference = 00A2F5E21958061300C5D7B3 /* demoTests.xctest */;
			productType = "com.apple.product-type.bundle.unit-test";
		};
/* End PBXNativeTarget section */

/* Begin PBXProject section */
		00A2F5B61958061300C5D7B3 /* Project object */ = {
			isa = PBXProject;
			attributes = {
				LastUpgradeCheck = 0510;
				ORGANIZATIONNAME = aiDriving.com;
				TargetAttributes = {
					00A2F5E11958061300C5D7B3 = {
						TestTargetID = 00A2F5BD1958061300C5D7B3;
					};
				};
			};
			buildConfigurationList = 00A2F5B91958061300C5D7B3 /* Build configuration list for PBXProject "demo" */;
			compatibilityVersion = "Xcode 3.2";
			developmentRegion = English;
			hasScannedForEncodings = 0;
			knownRegions = (
				en,
				Base,
			);
			mainGroup = 00A2F5B51958061300C5D7B3;
			productRefGroup = 00A2F5BF1958061300C5D7B3 /* Products */;
			projectDirPath = "";
			projectReferences = (
				{
					ProductGroup = 00DD943C195A718700CCEAF6 /* Products */;
					ProjectRef = 00DD943B195A718700CCEAF6 /* AICamera.xcodeproj */;
				},
			);
			projectRoot = "";
			targets = (
				00A2F5BD1958061300C5D7B3 /* demo */,
				00A2F5E11958061300C5D7B3 /* demoTests */,
			);
		};
/* End PBXProject section */

/* Begin PBXReferenceProxy section */
		00DD9441195A718700CCEAF6 /* libAICamera.a */ = {
			isa = PBXReferenceProxy;
			fileType = archive.ar;
			path = libAICamera.a;
			remoteRef = 00DD9440195A718700CCEAF6 /* PBXContainerItemProxy */;
			sourceTree = BUILT_PRODUCTS_DIR;
		};
		00DD9443195A718700CCEAF6 /* AICameraTests.xctest */ = {
			isa = PBXReferenceProxy;
			fileType = wrapper.cfbundle;
			path = AICameraTests.xctest;
			remoteRef = 00DD9442195A718700CCEAF6 /* PBXContainerItemProxy */;
			sourceTree = BUILT_PRODUCTS_DIR;
		};
/* End PBXReferenceProxy section */

/* Begin PBXResourcesBuildPhase section */
		00A2F5BC1958061300C5D7B3 /* Resources */ = {
			isa = PBXResourcesBuildPhase;
			buildActionMask = 2147483647;
			files = (
				00A2F5D81958061300C5D7B3 /* Main_iPad.storyboard in Resources */,
				00A2F5DD1958061300C5D7B3 /* Images.xcassets in Resources */,
				00A2F5D51958061300C5D7B3 /* Main_iPhone.storyboard in Resources */,
				00A2F5CC1958061300C5D7B3 /* InfoPlist.strings in Resources */,
			);
			runOnlyForDeploymentPostprocessing = 0;
		};
		00A2F5E01958061300C5D7B3 /* Resources */ = {
			isa = PBXResourcesBuildPhase;
			buildActionMask = 2147483647;
			files = (
				00A2F5EE1958061300C5D7B3 /* InfoPlist.strings in Resources */,
			);
			runOnlyForDeploymentPostprocessing = 0;
		};
/* End PBXResourcesBuildPhase section */

/* Begin PBXShellScriptBuildPhase section */
		34686FC0EF5449C3AA1F943E /* Copy Pods Resources */ = {
			isa = PBXShellScriptBuildPhase;
			buildActionMask = 2147483647;
			files = (
			);
			inputPaths = (
			);
			name = "Copy Pods Resources";
			outputPaths = (
			);
			runOnlyForDeploymentPostprocessing = 0;
			shellPath = /bin/sh;
			shellScript = "\"${SRCROOT}/Pods/Pods-demo-resources.sh\"\n";
			showEnvVarsInLog = 0;
		};
		EF2094C36FF848D2B29AD11F /* Check Pods Manifest.lock */ = {
			isa = PBXShellScriptBuildPhase;
			buildActionMask = 2147483647;
			files = (
			);
			inputPaths = (
			);
			name = "Check Pods Manifest.lock";
			outputPaths = (
			);
			runOnlyForDeploymentPostprocessing = 0;
			shellPath = /bin/sh;
			shellScript = "diff \"${PODS_ROOT}/../Podfile.lock\" \"${PODS_ROOT}/Manifest.lock\" > /dev/null\nif [[ $? != 0 ]] ; then\n    cat << EOM\nerror: The sandbox is not in sync with the Podfile.lock. Run 'pod install' or update your CocoaPods installation.\nEOM\n    exit 1\nfi\n";
			showEnvVarsInLog = 0;
		};
/* End PBXShellScriptBuildPhase section */

/* Begin PBXSourcesBuildPhase section */
		00A2F5BA1958061300C5D7B3 /* Sources */ = {
			isa = PBXSourcesBuildPhase;
			buildActionMask = 2147483647;
			files = (
				00A2F5DB1958061300C5D7B3 /* ViewController.m in Sources */,
				00A2F5D21958061300C5D7B3 /* AppDelegate.m in Sources */,
				00A2F5CE1958061300C5D7B3 /* main.m in Sources */,
			);
			runOnlyForDeploymentPostprocessing = 0;
		};
		00A2F5DE1958061300C5D7B3 /* Sources */ = {
			isa = PBXSourcesBuildPhase;
			buildActionMask = 2147483647;
			files = (
				00A2F5F01958061300C5D7B3 /* demoTests.m in Sources */,
			);
			runOnlyForDeploymentPostprocessing = 0;
		};
/* End PBXSourcesBuildPhase section */

/* Begin PBXTargetDependency section */
		00A2F5E81958061300C5D7B3 /* PBXTargetDependency */ = {
			isa = PBXTargetDependency;
			target = 00A2F5BD1958061300C5D7B3 /* demo */;
			targetProxy = 00A2F5E71958061300C5D7B3 /* PBXContainerItemProxy */;
		};
		00DD9446195A719500CCEAF6 /* PBXTargetDependency */ = {
			isa = PBXTargetDependency;
			name = AICamera;
			targetProxy = 00DD9445195A719500CCEAF6 /* PBXContainerItemProxy */;
		};
/* End PBXTargetDependency section */

/* Begin PBXVariantGroup section */
		00A2F5CA1958061300C5D7B3 /* InfoPlist.strings */ = {
			isa = PBXVariantGroup;
			children = (
				00A2F5CB1958061300C5D7B3 /* en */,
			);
			name = InfoPlist.strings;
			sourceTree = "<group>";
		};
		00A2F5D31958061300C5D7B3 /* Main_iPhone.storyboard */ = {
			isa = PBXVariantGroup;
			children = (
				00A2F5D41958061300C5D7B3 /* Base */,
			);
			name = Main_iPhone.storyboard;
			sourceTree = "<group>";
		};
		00A2F5D61958061300C5D7B3 /* Main_iPad.storyboard */ = {
			isa = PBXVariantGroup;
			children = (
				00A2F5D71958061300C5D7B3 /* Base */,
			);
			name = Main_iPad.storyboard;
			sourceTree = "<group>";
		};
		00A2F5EC1958061300C5D7B3 /* InfoPlist.strings */ = {
			isa = PBXVariantGroup;
			children = (
				00A2F5ED1958061300C5D7B3 /* en */,
			);
			name = InfoPlist.strings;
			sourceTree = "<group>";
		};
/* End PBXVariantGroup section */

/* Begin XCBuildConfiguration section */
		00A2F5F11958061300C5D7B3 /* Debug */ = {
			isa = XCBuildConfiguration;
			buildSettings = {
				ALWAYS_SEARCH_USER_PATHS = NO;
				CLANG_CXX_LANGUAGE_STANDARD = "gnu++0x";
				CLANG_CXX_LIBRARY = "libc++";
				CLANG_ENABLE_MODULES = YES;
				CLANG_ENABLE_OBJC_ARC = YES;
				CLANG_WARN_BOOL_CONVERSION = YES;
				CLANG_WARN_CONSTANT_CONVERSION = YES;
				CLANG_WARN_DIRECT_OBJC_ISA_USAGE = YES_ERROR;
				CLANG_WARN_EMPTY_BODY = YES;
				CLANG_WARN_ENUM_CONVERSION = YES;
				CLANG_WARN_INT_CONVERSION = YES;
				CLANG_WARN_OBJC_ROOT_CLASS = YES_ERROR;
				CLANG_WARN__DUPLICATE_METHOD_MATCH = YES;
				"CODE_SIGN_IDENTITY[sdk=iphoneos*]" = "iPhone Developer";
				COPY_PHASE_STRIP = NO;
				GCC_C_LANGUAGE_STANDARD = gnu99;
				GCC_DYNAMIC_NO_PIC = NO;
				GCC_OPTIMIZATION_LEVEL = 0;
				GCC_PREPROCESSOR_DEFINITIONS = (
					"DEBUG=1",
					"$(inherited)",
				);
				GCC_SYMBOLS_PRIVATE_EXTERN = NO;
				GCC_WARN_64_TO_32_BIT_CONVERSION = YES;
				GCC_WARN_ABOUT_RETURN_TYPE = YES_ERROR;
				GCC_WARN_UNDECLARED_SELECTOR = YES;
				GCC_WARN_UNINITIALIZED_AUTOS = YES_AGGRESSIVE;
				GCC_WARN_UNUSED_FUNCTION = YES;
				GCC_WARN_UNUSED_VARIABLE = YES;
				IPHONEOS_DEPLOYMENT_TARGET = 7.1;
				ONLY_ACTIVE_ARCH = YES;
				SDKROOT = iphoneos;
				TARGETED_DEVICE_FAMILY = "1,2";
			};
			name = Debug;
		};
		00A2F5F21958061300C5D7B3 /* Release */ = {
			isa = XCBuildConfiguration;
			buildSettings = {
				ALWAYS_SEARCH_USER_PATHS = NO;
				CLANG_CXX_LANGUAGE_STANDARD = "gnu++0x";
				CLANG_CXX_LIBRARY = "libc++";
				CLANG_ENABLE_MODULES = YES;
				CLANG_ENABLE_OBJC_ARC = YES;
				CLANG_WARN_BOOL_CONVERSION = YES;
				CLANG_WARN_CONSTANT_CONVERSION = YES;
				CLANG_WARN_DIRECT_OBJC_ISA_USAGE = YES_ERROR;
				CLANG_WARN_EMPTY_BODY = YES;
				CLANG_WARN_ENUM_CONVERSION = YES;
				CLANG_WARN_INT_CONVERSION = YES;
				CLANG_WARN_OBJC_ROOT_CLASS = YES_ERROR;
				CLANG_WARN__DUPLICATE_METHOD_MATCH = YES;
				"CODE_SIGN_IDENTITY[sdk=iphoneos*]" = "iPhone Developer";
				COPY_PHASE_STRIP = YES;
				ENABLE_NS_ASSERTIONS = NO;
				GCC_C_LANGUAGE_STANDARD = gnu99;
				GCC_WARN_64_TO_32_BIT_CONVERSION = YES;
				GCC_WARN_ABOUT_RETURN_TYPE = YES_ERROR;
				GCC_WARN_UNDECLARED_SELECTOR = YES;
				GCC_WARN_UNINITIALIZED_AUTOS = YES_AGGRESSIVE;
				GCC_WARN_UNUSED_FUNCTION = YES;
				GCC_WARN_UNUSED_VARIABLE = YES;
				IPHONEOS_DEPLOYMENT_TARGET = 7.1;
				SDKROOT = iphoneos;
				TARGETED_DEVICE_FAMILY = "1,2";
				VALIDATE_PRODUCT = YES;
			};
			name = Release;
		};
		00A2F5F41958061300C5D7B3 /* Debug */ = {
			isa = XCBuildConfiguration;
			baseConfigurationReference = AEEA4A17106041D19AE15626 /* Pods-demo.xcconfig */;
			buildSettings = {
				ASSETCATALOG_COMPILER_APPICON_NAME = AppIcon;
				ASSETCATALOG_COMPILER_LAUNCHIMAGE_NAME = LaunchImage;
				GCC_PRECOMPILE_PREFIX_HEADER = YES;
				GCC_PREFIX_HEADER = "demo/demo-Prefix.pch";
				INFOPLIST_FILE = "demo/demo-Info.plist";
				LIBRARY_SEARCH_PATHS = (
					"$(inherited)",
					"$(PROJECT_DIR)",
					"$(USER_LIBRARY_DIR)/Developer/Xcode/DerivedData/AICamera-dhbikkeooyhlmhaohllbarbssidp/Build/Products/Debug-iphoneos",
				);
				ONLY_ACTIVE_ARCH = YES;
				PRODUCT_NAME = "$(TARGET_NAME)";
				VALID_ARCHS = "armv7 arm64 armv7s";
				WRAPPER_EXTENSION = app;
			};
			name = Debug;
		};
		00A2F5F51958061300C5D7B3 /* Release */ = {
			isa = XCBuildConfiguration;
			baseConfigurationReference = AEEA4A17106041D19AE15626 /* Pods-demo.xcconfig */;
			buildSettings = {
				ASSETCATALOG_COMPILER_APPICON_NAME = AppIcon;
				ASSETCATALOG_COMPILER_LAUNCHIMAGE_NAME = LaunchImage;
				GCC_PRECOMPILE_PREFIX_HEADER = YES;
				GCC_PREFIX_HEADER = "demo/demo-Prefix.pch";
				INFOPLIST_FILE = "demo/demo-Info.plist";
				LIBRARY_SEARCH_PATHS = (
					"$(inherited)",
					"$(PROJECT_DIR)",
					"$(USER_LIBRARY_DIR)/Developer/Xcode/DerivedData/AICamera-dhbikkeooyhlmhaohllbarbssidp/Build/Products/Debug-iphoneos",
				);
				ONLY_ACTIVE_ARCH = YES;
				PRODUCT_NAME = "$(TARGET_NAME)";
				VALID_ARCHS = "armv7 arm64 armv7s";
				WRAPPER_EXTENSION = app;
			};
			name = Release;
		};
		00A2F5F71958061300C5D7B3 /* Debug */ = {
			isa = XCBuildConfiguration;
			buildSettings = {
				BUNDLE_LOADER = "$(BUILT_PRODUCTS_DIR)/demo.app/demo";
				FRAMEWORK_SEARCH_PATHS = (
					"$(SDKROOT)/Developer/Library/Frameworks",
					"$(inherited)",
					"$(DEVELOPER_FRAMEWORKS_DIR)",
				);
				GCC_PRECOMPILE_PREFIX_HEADER = YES;
				GCC_PREFIX_HEADER = "demo/demo-Prefix.pch";
				GCC_PREPROCESSOR_DEFINITIONS = (
					"DEBUG=1",
					"$(inherited)",
				);
				INFOPLIST_FILE = "demoTests/demoTests-Info.plist";
				PRODUCT_NAME = "$(TARGET_NAME)";
				TEST_HOST = "$(BUNDLE_LOADER)";
				WRAPPER_EXTENSION = xctest;
			};
			name = Debug;
		};
		00A2F5F81958061300C5D7B3 /* Release */ = {
			isa = XCBuildConfiguration;
			buildSettings = {
				BUNDLE_LOADER = "$(BUILT_PRODUCTS_DIR)/demo.app/demo";
				FRAMEWORK_SEARCH_PATHS = (
					"$(SDKROOT)/Developer/Library/Frameworks",
					"$(inherited)",
					"$(DEVELOPER_FRAMEWORKS_DIR)",
				);
				GCC_PRECOMPILE_PREFIX_HEADER = YES;
				GCC_PREFIX_HEADER = "demo/demo-Prefix.pch";
				INFOPLIST_FILE = "demoTests/demoTests-Info.plist";
				PRODUCT_NAME = "$(TARGET_NAME)";
				TEST_HOST = "$(BUNDLE_LOADER)";
				WRAPPER_EXTENSION = xctest;
			};
			name = Release;
		};
/* End XCBuildConfiguration section */

/* Begin XCConfigurationList section */
		00A2F5B91958061300C5D7B3 /* Build configuration list for PBXProject "demo" */ = {
			isa = XCConfigurationList;
			buildConfigurations = (
				00A2F5F11958061300C5D7B3 /* Debug */,
				00A2F5F21958061300C5D7B3 /* Release */,
			);
			defaultConfigurationIsVisible = 0;
			defaultConfigurationName = Release;
		};
		00A2F5F31958061300C5D7B3 /* Build configuration list for PBXNativeTarget "demo" */ = {
			isa = XCConfigurationList;
			buildConfigurations = (
				00A2F5F41958061300C5D7B3 /* Debug */,
				00A2F5F51958061300C5D7B3 /* Release */,
			);
			defaultConfigurationIsVisible = 0;
			defaultConfigurationName = Release;
		};
		00A2F5F61958061300C5D7B3 /* Build configuration list for PBXNativeTarget "demoTests" */ = {
			isa = XCConfigurationList;
			buildConfigurations = (
				00A2F5F71958061300C5D7B3 /* Debug */,
				00A2F5F81958061300C5D7B3 /* Release */,
			);
			defaultConfigurationIsVisible = 0;
			defaultConfigurationName = Release;
		};
/* End XCConfigurationList section */
	};
	rootObject = 00A2F5B61958061300C5D7B3 /* Project object */;
}
